
Microsoft Visual Studio Solution File, Format Version 12.00
# Visual Studio 2013
VisualStudioVersion = 12.0.31101.0
MinimumVisualStudioVersion = 10.0.40219.1
Project("{FAE04EC0-301F-11D3-BF4B-00C04F79EFBC}") = "BindableMapTest.iOS", "iOS\BindableMapTest.iOS.csproj", "{5997EC0A-2BFB-4A40-BCF0-833E3D4A1824}"
EndProject
Project("{FAE04EC0-301F-11D3-BF4B-00C04F79EFBC}") = "BindableMapTest.Android", "Android\BindableMapTest.Android.csproj", "{6850D2DD-871A-43DC-87F8-05B83021130D}"
EndProject
Project("{FAE04EC0-301F-11D3-BF4B-00C04F79EFBC}") = "BindableMapTest.Common", "BindableMapTest.Common\BindableMapTest.Common.csproj", "{67F9D3A8-F71E-4428-913F-C37AE82CDB24}"
EndProject
Project("{FAE04EC0-301F-11D3-BF4B-00C04F79EFBC}") = "BIndableMapTest.Common.Android", "BIndableMapTest.Common.Android\BIndableMapTest.Common.Android.csproj", "{93940390-E984-4FF1-A81B-D1313184F084}"
EndProject
Global
	GlobalSection(SharedMSBuildProjectFiles) = preSolution
		BindableMapTest\BindableMapTest.projitems*{6850d2dd-871a-43dc-87f8-05b83021130d}*SharedItemsImports = 4
		BindableMapTest\BindableMapTest.projitems*{5997ec0a-2bfb-4a40-bcf0-833e3d4a1824}*SharedItemsImports = 4
	EndGlobalSection
	GlobalSection(SolutionConfigurationPlatforms) = preSolution
		Ad-Hoc|Any CPU = Ad-Hoc|Any CPU
		Ad-Hoc|iPhone = Ad-Hoc|iPhone
		Ad-Hoc|iPhoneSimulator = Ad-Hoc|iPhoneSimulator
		Ad-Hoc|Mixed Platforms = Ad-Hoc|Mixed Platforms
		AppStore|Any CPU = AppStore|Any CPU
		AppStore|iPhone = AppStore|iPhone
		AppStore|iPhoneSimulator = AppStore|iPhoneSimulator
		AppStore|Mixed Platforms = AppStore|Mixed Platforms
		Debug|Any CPU = Debug|Any CPU
		Debug|iPhone = Debug|iPhone
		Debug|iPhoneSimulator = Debug|iPhoneSimulator
		Debug|Mixed Platforms = Debug|Mixed Platforms
		Release|Any CPU = Release|Any CPU
		Release|iPhone = Release|iPhone
		Release|iPhoneSimulator = Release|iPhoneSimulator
		Release|Mixed Platforms = Release|Mixed Platforms
	EndGlobalSection
	GlobalSection(ProjectConfigurationPlatforms) = postSolution
		{5997EC0A-2BFB-4A40-BCF0-833E3D4A1824}.Ad-Hoc|Any CPU.ActiveCfg = Ad-Hoc|iPhoneSimulator
		{5997EC0A-2BFB-4A40-BCF0-833E3D4A1824}.Ad-Hoc|iPhone.ActiveCfg = Ad-Hoc|iPhone
		{5997EC0A-2BFB-4A40-BCF0-833E3D4A1824}.Ad-Hoc|iPhone.Build.0 = Ad-Hoc|iPhone
		{5997EC0A-2BFB-4A40-BCF0-833E3D4A1824}.Ad-Hoc|iPhoneSimulator.ActiveCfg = Ad-Hoc|iPhoneSimulator
		{5997EC0A-2BFB-4A40-BCF0-833E3D4A1824}.Ad-Hoc|iPhoneSimulator.Build.0 = Ad-Hoc|iPhoneSimulator
		{5997EC0A-2BFB-4A40-BCF0-833E3D4A1824}.Ad-Hoc|Mixed Platforms.ActiveCfg = Ad-Hoc|iPhone
		{5997EC0A-2BFB-4A40-BCF0-833E3D4A1824}.Ad-Hoc|Mixed Platforms.Build.0 = Ad-Hoc|iPhone
		{5997EC0A-2BFB-4A40-BCF0-833E3D4A1824}.AppStore|Any CPU.ActiveCfg = AppStore|iPhoneSimulator
		{5997EC0A-2BFB-4A40-BCF0-833E3D4A1824}.AppStore|iPhone.ActiveCfg = AppStore|iPhone
		{5997EC0A-2BFB-4A40-BCF0-833E3D4A1824}.AppStore|iPhone.Build.0 = AppStore|iPhone
		{5997EC0A-2BFB-4A40-BCF0-833E3D4A1824}.AppStore|iPhoneSimulator.ActiveCfg = AppStore|iPhoneSimulator
		{5997EC0A-2BFB-4A40-BCF0-833E3D4A1824}.AppStore|iPhoneSimulator.Build.0 = AppStore|iPhoneSimulator
		{5997EC0A-2BFB-4A40-BCF0-833E3D4A1824}.AppStore|Mixed Platforms.ActiveCfg = AppStore|iPhone
		{5997EC0A-2BFB-4A40-BCF0-833E3D4A1824}.AppStore|Mixed Platforms.Build.0 = AppStore|iPhone
		{5997EC0A-2BFB-4A40-BCF0-833E3D4A1824}.Debug|Any CPU.ActiveCfg = Debug|iPhoneSimulator
		{5997EC0A-2BFB-4A40-BCF0-833E3D4A1824}.Debug|Any CPU.Build.0 = Debug|iPhoneSimulator
		{5997EC0A-2BFB-4A40-BCF0-833E3D4A1824}.Debug|iPhone.ActiveCfg = Debug|iPhone
		{5997EC0A-2BFB-4A40-BCF0-833E3D4A1824}.Debug|iPhone.Build.0 = Debug|iPhone
		{5997EC0A-2BFB-4A40-BCF0-833E3D4A1824}.Debug|iPhoneSimulator.ActiveCfg = Debug|iPhoneSimulator
		{5997EC0A-2BFB-4A40-BCF0-833E3D4A1824}.Debug|iPhoneSimulator.Build.0 = Debug|iPhoneSimulator
		{5997EC0A-2BFB-4A40-BCF0-833E3D4A1824}.Debug|Mixed Platforms.ActiveCfg = Debug|iPhone
		{5997EC0A-2BFB-4A40-BCF0-833E3D4A1824}.Debug|Mixed Platforms.Build.0 = Debug|iPhone
		{5997EC0A-2BFB-4A40-BCF0-833E3D4A1824}.Release|Any CPU.ActiveCfg = Release|iPhoneSimulator
		{5997EC0A-2BFB-4A40-BCF0-833E3D4A1824}.Release|Any CPU.Build.0 = Release|iPhoneSimulator
		{5997EC0A-2BFB-4A40-BCF0-833E3D4A1824}.Release|iPhone.ActiveCfg = Release|iPhone
		{5997EC0A-2BFB-4A40-BCF0-833E3D4A1824}.Release|iPhone.Build.0 = Release|iPhone
		{5997EC0A-2BFB-4A40-BCF0-833E3D4A1824}.Release|iPhoneSimulator.ActiveCfg = Release|iPhoneSimulator
		{5997EC0A-2BFB-4A40-BCF0-833E3D4A1824}.Release|iPhoneSimulator.Build.0 = Release|iPhoneSimulator
		{5997EC0A-2BFB-4A40-BCF0-833E3D4A1824}.Release|Mixed Platforms.ActiveCfg = Release|iPhone
		{5997EC0A-2BFB-4A40-BCF0-833E3D4A1824}.Release|Mixed Platforms.Build.0 = Release|iPhone
		{6850D2DD-871A-43DC-87F8-05B83021130D}.Ad-Hoc|Any CPU.ActiveCfg = Debug|Any CPU
		{6850D2DD-871A-43DC-87F8-05B83021130D}.Ad-Hoc|Any CPU.Build.0 = Debug|Any CPU
		{6850D2DD-871A-43DC-87F8-05B83021130D}.Ad-Hoc|Any CPU.Deploy.0 = Debug|Any CPU
		{6850D2DD-871A-43DC-87F8-05B83021130D}.Ad-Hoc|iPhone.ActiveCfg = Release|Any CPU
		{6850D2DD-871A-43DC-87F8-05B83021130D}.Ad-Hoc|iPhone.Build.0 = Release|Any CPU
		{6850D2DD-871A-43DC-87F8-05B83021130D}.Ad-Hoc|iPhoneSimulator.ActiveCfg = Debug|Any CPU
		{6850D2DD-871A-43DC-87F8-05B83021130D}.Ad-Hoc|iPhoneSimulator.Build.0 = Debug|Any CPU
		{6850D2DD-871A-43DC-87F8-05B83021130D}.Ad-Hoc|iPhoneSimulator.Deploy.0 = Debug|Any CPU
		{6850D2DD-871A-43DC-87F8-05B83021130D}.Ad-Hoc|Mixed Platforms.ActiveCfg = Release|Any CPU
		{6850D2DD-871A-43DC-87F8-05B83021130D}.Ad-Hoc|Mixed Platforms.Build.0 = Release|Any CPU
		{6850D2DD-871A-43DC-87F8-05B83021130D}.Ad-Hoc|Mixed Platforms.Deploy.0 = Release|Any CPU
		{6850D2DD-871A-43DC-87F8-05B83021130D}.AppStore|Any CPU.ActiveCfg = Debug|Any CPU
		{6850D2DD-871A-43DC-87F8-05B83021130D}.AppStore|Any CPU.Build.0 = Debug|Any CPU
		{6850D2DD-871A-43DC-87F8-05B83021130D}.AppStore|Any CPU.Deploy.0 = Debug|Any CPU
		{6850D2DD-871A-43DC-87F8-05B83021130D}.AppStore|iPhone.ActiveCfg = Release|Any CPU
		{6850D2DD-871A-43DC-87F8-05B83021130D}.AppStore|iPhone.Build.0 = Release|Any CPU
		{6850D2DD-871A-43DC-87F8-05B83021130D}.AppStore|iPhoneSimulator.ActiveCfg = Debug|Any CPU
		{6850D2DD-871A-43DC-87F8-05B83021130D}.AppStore|iPhoneSimulator.Build.0 = Debug|Any CPU
		{6850D2DD-871A-43DC-87F8-05B83021130D}.AppStore|iPhoneSimulator.Deploy.0 = Debug|Any CPU
		{6850D2DD-871A-43DC-87F8-05B83021130D}.AppStore|Mixed Platforms.ActiveCfg = Release|Any CPU
		{6850D2DD-871A-43DC-87F8-05B83021130D}.AppStore|Mixed Platforms.Build.0 = Release|Any CPU
		{6850D2DD-871A-43DC-87F8-05B83021130D}.AppStore|Mixed Platforms.Deploy.0 = Release|Any CPU
		{6850D2DD-871A-43DC-87F8-05B83021130D}.Debug|Any CPU.ActiveCfg = Debug|Any CPU
		{6850D2DD-871A-43DC-87F8-05B83021130D}.Debug|Any CPU.Build.0 = Debug|Any CPU
		{6850D2DD-871A-43DC-87F8-05B83021130D}.Debug|iPhone.ActiveCfg = Debug|Any CPU
		{6850D2DD-871A-43DC-87F8-05B83021130D}.Debug|iPhone.Build.0 = Debug|Any CPU
		{6850D2DD-871A-43DC-87F8-05B83021130D}.Debug|iPhoneSimulator.ActiveCfg = Debug|Any CPU
		{6850D2DD-871A-43DC-87F8-05B83021130D}.Debug|iPhoneSimulator.Build.0 = Debug|Any CPU
		{6850D2DD-871A-43DC-87F8-05B83021130D}.Debug|Mixed Platforms.ActiveCfg = Debug|Any CPU
		{6850D2DD-871A-43DC-87F8-05B83021130D}.Debug|Mixed Platforms.Build.0 = Debug|Any CPU
		{6850D2DD-871A-43DC-87F8-05B83021130D}.Debug|Mixed Platforms.Deploy.0 = Debug|Any CPU
		{6850D2DD-871A-43DC-87F8-05B83021130D}.Release|Any CPU.ActiveCfg = Release|Any CPU
		{6850D2DD-871A-43DC-87F8-05B83021130D}.Release|Any CPU.Build.0 = Release|Any CPU
		{6850D2DD-871A-43DC-87F8-05B83021130D}.Release|iPhone.ActiveCfg = Release|Any CPU
		{6850D2DD-871A-43DC-87F8-05B83021130D}.Release|iPhone.Build.0 = Release|Any CPU
		{6850D2DD-871A-43DC-87F8-05B83021130D}.Release|iPhoneSimulator.ActiveCfg = Release|Any CPU
		{6850D2DD-871A-43DC-87F8-05B83021130D}.Release|iPhoneSimulator.Build.0 = Release|Any CPU
		{6850D2DD-871A-43DC-87F8-05B83021130D}.Release|Mixed Platforms.ActiveCfg = Release|Any CPU
		{6850D2DD-871A-43DC-87F8-05B83021130D}.Release|Mixed Platforms.Build.0 = Release|Any CPU
		{6850D2DD-871A-43DC-87F8-05B83021130D}.Release|Mixed Platforms.Deploy.0 = Release|Any CPU
		{67F9D3A8-F71E-4428-913F-C37AE82CDB24}.Ad-Hoc|Any CPU.ActiveCfg = Release|Any CPU
		{67F9D3A8-F71E-4428-913F-C37AE82CDB24}.Ad-Hoc|Any CPU.Build.0 = Release|Any CPU
		{67F9D3A8-F71E-4428-913F-C37AE82CDB24}.Ad-Hoc|iPhone.ActiveCfg = Release|Any CPU
		{67F9D3A8-F71E-4428-913F-C37AE82CDB24}.Ad-Hoc|iPhoneSimulator.ActiveCfg = Release|Any CPU
		{67F9D3A8-F71E-4428-913F-C37AE82CDB24}.Ad-Hoc|Mixed Platforms.ActiveCfg = Release|Any CPU
		{67F9D3A8-F71E-4428-913F-C37AE82CDB24}.Ad-Hoc|Mixed Platforms.Build.0 = Release|Any CPU
		{67F9D3A8-F71E-4428-913F-C37AE82CDB24}.AppStore|Any CPU.ActiveCfg = Release|Any CPU
		{67F9D3A8-F71E-4428-913F-C37AE82CDB24}.AppStore|Any CPU.Build.0 = Release|Any CPU
		{67F9D3A8-F71E-4428-913F-C37AE82CDB24}.AppStore|iPhone.ActiveCfg = Release|Any CPU
		{67F9D3A8-F71E-4428-913F-C37AE82CDB24}.AppStore|iPhoneSimulator.ActiveCfg = Release|Any CPU
		{67F9D3A8-F71E-4428-913F-C37AE82CDB24}.AppStore|Mixed Platforms.ActiveCfg = Release|Any CPU
		{67F9D3A8-F71E-4428-913F-C37AE82CDB24}.AppStore|Mixed Platforms.Build.0 = Release|Any CPU
		{67F9D3A8-F71E-4428-913F-C37AE82CDB24}.Debug|Any CPU.ActiveCfg = Debug|Any CPU
		{67F9D3A8-F71E-4428-913F-C37AE82CDB24}.Debug|Any CPU.Build.0 = Debug|Any CPU
		{67F9D3A8-F71E-4428-913F-C37AE82CDB24}.Debug|iPhone.ActiveCfg = Debug|Any CPU
		{67F9D3A8-F71E-4428-913F-C37AE82CDB24}.Debug|iPhone.Build.0 = Debug|Any CPU
		{67F9D3A8-F71E-4428-913F-C37AE82CDB24}.Debug|iPhoneSimulator.ActiveCfg = Debug|Any CPU
		{67F9D3A8-F71E-4428-913F-C37AE82CDB24}.Debug|Mixed Platforms.ActiveCfg = Debug|Any CPU
		{67F9D3A8-F71E-4428-913F-C37AE82CDB24}.Debug|Mixed Platforms.Build.0 = Debug|Any CPU
		{67F9D3A8-F71E-4428-913F-C37AE82CDB24}.Release|Any CPU.ActiveCfg = Release|Any CPU
		{67F9D3A8-F71E-4428-913F-C37AE82CDB24}.Release|Any CPU.Build.0 = Release|Any CPU
		{67F9D3A8-F71E-4428-913F-C37AE82CDB24}.Release|iPhone.ActiveCfg = Release|Any CPU
		{67F9D3A8-F71E-4428-913F-C37AE82CDB24}.Release|iPhoneSimulator.ActiveCfg = Release|Any CPU
		{67F9D3A8-F71E-4428-913F-C37AE82CDB24}.Release|Mixed Platforms.ActiveCfg = Release|Any CPU
		{67F9D3A8-F71E-4428-913F-C37AE82CDB24}.Release|Mixed Platforms.Build.0 = Release|Any CPU
		{93940390-E984-4FF1-A81B-D1313184F084}.Ad-Hoc|Any CPU.ActiveCfg = Release|Any CPU
		{93940390-E984-4FF1-A81B-D1313184F084}.Ad-Hoc|Any CPU.Build.0 = Release|Any CPU
		{93940390-E984-4FF1-A81B-D1313184F084}.Ad-Hoc|iPhone.ActiveCfg = Release|Any CPU
		{93940390-E984-4FF1-A81B-D1313184F084}.Ad-Hoc|iPhoneSimulator.ActiveCfg = Release|Any CPU
		{93940390-E984-4FF1-A81B-D1313184F084}.Ad-Hoc|Mixed Platforms.ActiveCfg = Release|Any CPU
		{93940390-E984-4FF1-A81B-D1313184F084}.Ad-Hoc|Mixed Platforms.Build.0 = Release|Any CPU
		{93940390-E984-4FF1-A81B-D1313184F084}.AppStore|Any CPU.ActiveCfg = Release|Any CPU
		{93940390-E984-4FF1-A81B-D1313184F084}.AppStore|Any CPU.Build.0 = Release|Any CPU
		{93940390-E984-4FF1-A81B-D1313184F084}.AppStore|iPhone.ActiveCfg = Release|Any CPU
		{93940390-E984-4FF1-A81B-D1313184F084}.AppStore|iPhoneSimulator.ActiveCfg = Release|Any CPU
		{93940390-E984-4FF1-A81B-D1313184F084}.AppStore|Mixed Platforms.ActiveCfg = Release|Any CPU
		{93940390-E984-4FF1-A81B-D1313184F084}.AppStore|Mixed Platforms.Build.0 = Release|Any CPU
		{93940390-E984-4FF1-A81B-D1313184F084}.Debug|Any CPU.ActiveCfg = Debug|Any CPU
		{93940390-E984-4FF1-A81B-D1313184F084}.Debug|Any CPU.Build.0 = Debug|Any CPU
		{93940390-E984-4FF1-A81B-D1313184F084}.Debug|iPhone.ActiveCfg = Debug|Any CPU
		{93940390-E984-4FF1-A81B-D1313184F084}.Debug|iPhoneSimulator.ActiveCfg = Debug|Any CPU
		{93940390-E984-4FF1-A81B-D1313184F084}.Debug|Mixed Platforms.ActiveCfg = Debug|Any CPU
		{93940390-E984-4FF1-A81B-D1313184F084}.Debug|Mixed Platforms.Build.0 = Debug|Any CPU
		{93940390-E984-4FF1-A81B-D1313184F084}.Release|Any CPU.ActiveCfg = Release|Any CPU
		{93940390-E984-4FF1-A81B-D1313184F084}.Release|Any CPU.Build.0 = Release|Any CPU
		{93940390-E984-4FF1-A81B-D1313184F084}.Release|iPhone.ActiveCfg = Release|Any CPU
		{93940390-E984-4FF1-A81B-D1313184F084}.Release|iPhoneSimulator.ActiveCfg = Release|Any CPU
		{93940390-E984-4FF1-A81B-D1313184F084}.Release|Mixed Platforms.ActiveCfg = Release|Any CPU
		{93940390-E984-4FF1-A81B-D1313184F084}.Release|Mixed Platforms.Build.0 = Release|Any CPU
	EndGlobalSection
	GlobalSection(SolutionProperties) = preSolution
		HideSolutionNode = FALSE
	EndGlobalSection
	GlobalSection(MonoDevelopProperties) = preSolution
		StartupItem = iOS\BindableMapTest.iOS.csproj
	EndGlobalSection
EndGlobal
